
Microsoft Visual Studio Solution File, Format Version 12.00
# Visual Studio 2013
VisualStudioVersion = 12.0.31101.0
MinimumVisualStudioVersion = 10.0.40219.1
Project("{FAE04EC0-301F-11D3-BF4B-00C04F79EFBC}") = "OCRHelper", "OCRExecuter\OCRHelper.csproj", "{04B83127-F8E4-43AD-94D1-78603B1A84AE}"
EndProject
Project("{FAE04EC0-301F-11D3-BF4B-00C04F79EFBC}") = "DBHelper", "DBHelper\DBHelper.csproj", "{F991F82C-9726-46B6-BA4B-990D5CA1E5E2}"
EndProject
Project("{FAE04EC0-301F-11D3-BF4B-00C04F79EFBC}") = "LuceneNetDemo", "LuceneNetDemo\LuceneNetDemo.csproj", "{5285DA91-6591-46E6-B092-B11DF55D49B6}"
EndProject
Project("{FAE04EC0-301F-11D3-BF4B-00C04F79EFBC}") = "LuceneNetHelper", "LuceneNetHelper\LuceneNetHelper.csproj", "{23FA4C74-0B83-45A7-86D9-DA5910B8AB47}"
EndProject
Project("{FAE04EC0-301F-11D3-BF4B-00C04F79EFBC}") = "PanGuHelper", "PanGuHelper\PanGuHelper.csproj", "{EFD9E6FE-E915-42BE-9F43-B4836B41FF3C}"
EndProject
Project("{FAE04EC0-301F-11D3-BF4B-00C04F79EFBC}") = "ExtensionsLib", "ExtensionsLib\ExtensionsLib.csproj", "{BBAC12AE-A51D-4EAA-B0AC-979E325443A2}"
EndProject
Project("{FAE04EC0-301F-11D3-BF4B-00C04F79EFBC}") = "SearchContract", "SearchContract\SearchContract.csproj", "{AB658999-0BAA-447F-B39A-F2FD46FF7A91}"
EndProject
Project("{FAE04EC0-301F-11D3-BF4B-00C04F79EFBC}") = "SearchService", "SearchService\SearchService.csproj", "{4BE6C26F-B3D4-4E5E-9418-C46CF4D61B51}"
EndProject
Global
	GlobalSection(SolutionConfigurationPlatforms) = preSolution
		Debug|Any CPU = Debug|Any CPU
		Debug|Mixed Platforms = Debug|Mixed Platforms
		Debug|x86 = Debug|x86
		Release|Any CPU = Release|Any CPU
		Release|Mixed Platforms = Release|Mixed Platforms
		Release|x86 = Release|x86
	EndGlobalSection
	GlobalSection(ProjectConfigurationPlatforms) = postSolution
		{04B83127-F8E4-43AD-94D1-78603B1A84AE}.Debug|Any CPU.ActiveCfg = Debug|Any CPU
		{04B83127-F8E4-43AD-94D1-78603B1A84AE}.Debug|Any CPU.Build.0 = Debug|Any CPU
		{04B83127-F8E4-43AD-94D1-78603B1A84AE}.Debug|Mixed Platforms.ActiveCfg = Debug|Any CPU
		{04B83127-F8E4-43AD-94D1-78603B1A84AE}.Debug|Mixed Platforms.Build.0 = Debug|Any CPU
		{04B83127-F8E4-43AD-94D1-78603B1A84AE}.Debug|x86.ActiveCfg = Debug|Any CPU
		{04B83127-F8E4-43AD-94D1-78603B1A84AE}.Release|Any CPU.ActiveCfg = Release|Any CPU
		{04B83127-F8E4-43AD-94D1-78603B1A84AE}.Release|Any CPU.Build.0 = Release|Any CPU
		{04B83127-F8E4-43AD-94D1-78603B1A84AE}.Release|Mixed Platforms.ActiveCfg = Release|Any CPU
		{04B83127-F8E4-43AD-94D1-78603B1A84AE}.Release|Mixed Platforms.Build.0 = Release|Any CPU
		{04B83127-F8E4-43AD-94D1-78603B1A84AE}.Release|x86.ActiveCfg = Release|Any CPU
		{F991F82C-9726-46B6-BA4B-990D5CA1E5E2}.Debug|Any CPU.ActiveCfg = Debug|Any CPU
		{F991F82C-9726-46B6-BA4B-990D5CA1E5E2}.Debug|Any CPU.Build.0 = Debug|Any CPU
		{F991F82C-9726-46B6-BA4B-990D5CA1E5E2}.Debug|Mixed Platforms.ActiveCfg = Debug|Any CPU
		{F991F82C-9726-46B6-BA4B-990D5CA1E5E2}.Debug|Mixed Platforms.Build.0 = Debug|Any CPU
		{F991F82C-9726-46B6-BA4B-990D5CA1E5E2}.Debug|x86.ActiveCfg = Debug|Any CPU
		{F991F82C-9726-46B6-BA4B-990D5CA1E5E2}.Release|Any CPU.ActiveCfg = Release|Any CPU
		{F991F82C-9726-46B6-BA4B-990D5CA1E5E2}.Release|Any CPU.Build.0 = Release|Any CPU
		{F991F82C-9726-46B6-BA4B-990D5CA1E5E2}.Release|Mixed Platforms.ActiveCfg = Release|Any CPU
		{F991F82C-9726-46B6-BA4B-990D5CA1E5E2}.Release|Mixed Platforms.Build.0 = Release|Any CPU
		{F991F82C-9726-46B6-BA4B-990D5CA1E5E2}.Release|x86.ActiveCfg = Release|Any CPU
		{5285DA91-6591-46E6-B092-B11DF55D49B6}.Debug|Any CPU.ActiveCfg = Debug|x86
		{5285DA91-6591-46E6-B092-B11DF55D49B6}.Debug|Mixed Platforms.ActiveCfg = Debug|x86
		{5285DA91-6591-46E6-B092-B11DF55D49B6}.Debug|Mixed Platforms.Build.0 = Debug|x86
		{5285DA91-6591-46E6-B092-B11DF55D49B6}.Debug|x86.ActiveCfg = Debug|x86
		{5285DA91-6591-46E6-B092-B11DF55D49B6}.Debug|x86.Build.0 = Debug|x86
		{5285DA91-6591-46E6-B092-B11DF55D49B6}.Release|Any CPU.ActiveCfg = Release|x86
		{5285DA91-6591-46E6-B092-B11DF55D49B6}.Release|Mixed Platforms.ActiveCfg = Release|x86
		{5285DA91-6591-46E6-B092-B11DF55D49B6}.Release|Mixed Platforms.Build.0 = Release|x86
		{5285DA91-6591-46E6-B092-B11DF55D49B6}.Release|x86.ActiveCfg = Release|x86
		{5285DA91-6591-46E6-B092-B11DF55D49B6}.Release|x86.Build.0 = Release|x86
		{23FA4C74-0B83-45A7-86D9-DA5910B8AB47}.Debug|Any CPU.ActiveCfg = Debug|Any CPU
		{23FA4C74-0B83-45A7-86D9-DA5910B8AB47}.Debug|Any CPU.Build.0 = Debug|Any CPU
		{23FA4C74-0B83-45A7-86D9-DA5910B8AB47}.Debug|Mixed Platforms.ActiveCfg = Debug|Any CPU
		{23FA4C74-0B83-45A7-86D9-DA5910B8AB47}.Debug|Mixed Platforms.Build.0 = Debug|Any CPU
		{23FA4C74-0B83-45A7-86D9-DA5910B8AB47}.Debug|x86.ActiveCfg = Debug|Any CPU
		{23FA4C74-0B83-45A7-86D9-DA5910B8AB47}.Release|Any CPU.ActiveCfg = Release|Any CPU
		{23FA4C74-0B83-45A7-86D9-DA5910B8AB47}.Release|Any CPU.Build.0 = Release|Any CPU
		{23FA4C74-0B83-45A7-86D9-DA5910B8AB47}.Release|Mixed Platforms.ActiveCfg = Release|Any CPU
		{23FA4C74-0B83-45A7-86D9-DA5910B8AB47}.Release|Mixed Platforms.Build.0 = Release|Any CPU
		{23FA4C74-0B83-45A7-86D9-DA5910B8AB47}.Release|x86.ActiveCfg = Release|Any CPU
		{EFD9E6FE-E915-42BE-9F43-B4836B41FF3C}.Debug|Any CPU.ActiveCfg = Debug|Any CPU
		{EFD9E6FE-E915-42BE-9F43-B4836B41FF3C}.Debug|Any CPU.Build.0 = Debug|Any CPU
		{EFD9E6FE-E915-42BE-9F43-B4836B41FF3C}.Debug|Mixed Platforms.ActiveCfg = Debug|Any CPU
		{EFD9E6FE-E915-42BE-9F43-B4836B41FF3C}.Debug|Mixed Platforms.Build.0 = Debug|Any CPU
		{EFD9E6FE-E915-42BE-9F43-B4836B41FF3C}.Debug|x86.ActiveCfg = Debug|Any CPU
		{EFD9E6FE-E915-42BE-9F43-B4836B41FF3C}.Release|Any CPU.ActiveCfg = Release|Any CPU
		{EFD9E6FE-E915-42BE-9F43-B4836B41FF3C}.Release|Any CPU.Build.0 = Release|Any CPU
		{EFD9E6FE-E915-42BE-9F43-B4836B41FF3C}.Release|Mixed Platforms.ActiveCfg = Release|Any CPU
		{EFD9E6FE-E915-42BE-9F43-B4836B41FF3C}.Release|Mixed Platforms.Build.0 = Release|Any CPU
		{EFD9E6FE-E915-42BE-9F43-B4836B41FF3C}.Release|x86.ActiveCfg = Release|Any CPU
		{BBAC12AE-A51D-4EAA-B0AC-979E325443A2}.Debug|Any CPU.ActiveCfg = Debug|Any CPU
		{BBAC12AE-A51D-4EAA-B0AC-979E325443A2}.Debug|Any CPU.Build.0 = Debug|Any CPU
		{BBAC12AE-A51D-4EAA-B0AC-979E325443A2}.Debug|Mixed Platforms.ActiveCfg = Debug|Any CPU
		{BBAC12AE-A51D-4EAA-B0AC-979E325443A2}.Debug|Mixed Platforms.Build.0 = Debug|Any CPU
		{BBAC12AE-A51D-4EAA-B0AC-979E325443A2}.Debug|x86.ActiveCfg = Debug|Any CPU
		{BBAC12AE-A51D-4EAA-B0AC-979E325443A2}.Release|Any CPU.ActiveCfg = Release|Any CPU
		{BBAC12AE-A51D-4EAA-B0AC-979E325443A2}.Release|Any CPU.Build.0 = Release|Any CPU
		{BBAC12AE-A51D-4EAA-B0AC-979E325443A2}.Release|Mixed Platforms.ActiveCfg = Release|Any CPU
		{BBAC12AE-A51D-4EAA-B0AC-979E325443A2}.Release|Mixed Platforms.Build.0 = Release|Any CPU
		{BBAC12AE-A51D-4EAA-B0AC-979E325443A2}.Release|x86.ActiveCfg = Release|Any CPU
		{AB658999-0BAA-447F-B39A-F2FD46FF7A91}.Debug|Any CPU.ActiveCfg = Debug|Any CPU
		{AB658999-0BAA-447F-B39A-F2FD46FF7A91}.Debug|Any CPU.Build.0 = Debug|Any CPU
		{AB658999-0BAA-447F-B39A-F2FD46FF7A91}.Debug|Mixed Platforms.ActiveCfg = Debug|Any CPU
		{AB658999-0BAA-447F-B39A-F2FD46FF7A91}.Debug|Mixed Platforms.Build.0 = Debug|Any CPU
		{AB658999-0BAA-447F-B39A-F2FD46FF7A91}.Debug|x86.ActiveCfg = Debug|Any CPU
		{AB658999-0BAA-447F-B39A-F2FD46FF7A91}.Release|Any CPU.ActiveCfg = Release|Any CPU
		{AB658999-0BAA-447F-B39A-F2FD46FF7A91}.Release|Any CPU.Build.0 = Release|Any CPU
		{AB658999-0BAA-447F-B39A-F2FD46FF7A91}.Release|Mixed Platforms.ActiveCfg = Release|Any CPU
		{AB658999-0BAA-447F-B39A-F2FD46FF7A91}.Release|Mixed Platforms.Build.0 = Release|Any CPU
		{AB658999-0BAA-447F-B39A-F2FD46FF7A91}.Release|x86.ActiveCfg = Release|Any CPU
		{4BE6C26F-B3D4-4E5E-9418-C46CF4D61B51}.Debug|Any CPU.ActiveCfg = Debug|Any CPU
		{4BE6C26F-B3D4-4E5E-9418-C46CF4D61B51}.Debug|Any CPU.Build.0 = Debug|Any CPU
		{4BE6C26F-B3D4-4E5E-9418-C46CF4D61B51}.Debug|Mixed Platforms.ActiveCfg = Debug|Any CPU
		{4BE6C26F-B3D4-4E5E-9418-C46CF4D61B51}.Debug|Mixed Platforms.Build.0 = Debug|Any CPU
		{4BE6C26F-B3D4-4E5E-9418-C46CF4D61B51}.Debug|x86.ActiveCfg = Debug|Any CPU
		{4BE6C26F-B3D4-4E5E-9418-C46CF4D61B51}.Release|Any CPU.ActiveCfg = Release|Any CPU
		{4BE6C26F-B3D4-4E5E-9418-C46CF4D61B51}.Release|Any CPU.Build.0 = Release|Any CPU
		{4BE6C26F-B3D4-4E5E-9418-C46CF4D61B51}.Release|Mixed Platforms.ActiveCfg = Release|Any CPU
		{4BE6C26F-B3D4-4E5E-9418-C46CF4D61B51}.Release|Mixed Platforms.Build.0 = Release|Any CPU
		{4BE6C26F-B3D4-4E5E-9418-C46CF4D61B51}.Release|x86.ActiveCfg = Release|Any CPU
	EndGlobalSection
	GlobalSection(SolutionProperties) = preSolution
		HideSolutionNode = FALSE
	EndGlobalSection
EndGlobal
